{
  "name": "large-caps-execution-hook",
  "version": "1.0.0",
  "lockfileVersion": 3,
  "requires": true,
  "packages": {
    "": {
      "name": "large-caps-execution-hook",
      "version": "1.0.0",
      "workspaces": [
        "frontend"
      ]
    },
    "frontend": {
      "name": "large-cap-execution-frontend",
      "version": "1.0.0"
    }
  }
}
